{
  "name": "temp_apresentacao_tdc",
  "lockfileVersion": 3,
  "requires": true,
  "packages": {
    "": {
      "dependencies": {
        "@kazumatu981/markdown-it-kroki": "^1.3.5"
      }
    },
    "node_modules/@kazumatu981/markdown-it-kroki": {
      "version": "1.3.5",
      "resolved": "https://registry.npmjs.org/@kazumatu981/markdown-it-kroki/-/markdown-it-kroki-1.3.5.tgz",
      "integrity": "sha512-BuFnprQ14wUvjSCot2PTjtZ60iKHilNZCmFifIQjeg+K6UoOo8/2cGuH62pQevY2FwMTOjn71h973JGr8fS3hQ==",
      "license": "MIT"
    }
  }
}
